
Microsoft Visual Studio Solution File, Format Version 12.00
# Visual Studio Version 17
VisualStudioVersion = 17.6.33815.320
MinimumVisualStudioVersion = 10.0.40219.1
Project("{FAE04EC0-301F-11D3-BF4B-00C04F79EFBC}") = "ProvaTecnica(String)", "ProvaTecnica(String)\ProvaTecnica(String).csproj", "{E3BCDFCC-3905-4C1C-AD26-36115B09AAA5}"
EndProject
Global
	GlobalSection(SolutionConfigurationPlatforms) = preSolution
		Debug|Any CPU = Debug|Any CPU
		Release|Any CPU = Release|Any CPU
	EndGlobalSection
	GlobalSection(ProjectConfigurationPlatforms) = postSolution
		{E3BCDFCC-3905-4C1C-AD26-36115B09AAA5}.Debug|Any CPU.ActiveCfg = Debug|Any CPU
		{E3BCDFCC-3905-4C1C-AD26-36115B09AAA5}.Debug|Any CPU.Build.0 = Debug|Any CPU
		{E3BCDFCC-3905-4C1C-AD26-36115B09AAA5}.Release|Any CPU.ActiveCfg = Release|Any CPU
		{E3BCDFCC-3905-4C1C-AD26-36115B09AAA5}.Release|Any CPU.Build.0 = Release|Any CPU
	EndGlobalSection
	GlobalSection(SolutionProperties) = preSolution
		HideSolutionNode = FALSE
	EndGlobalSection
	GlobalSection(ExtensibilityGlobals) = postSolution
		SolutionGuid = {C4DBD0EC-E044-4320-B174-034132137B16}
	EndGlobalSection
EndGlobal
